<?xml version="1.0" encoding="utf-8"?>
<Project ToolsVersion="4.0" xmlns="http://schemas.microsoft.com/developer/msbuild/2003">
  <ItemGroup>
    <ClCompile Include="test.cpp" />
    <ClCompile Include="FreeRTOS_FFF_MocksDefinitions.cpp" />
    <ClCompile Include="..\..\SEP4\Implementation\OpenWindow.c" />
  </ItemGroup>
  <ItemGroup>
    <ClInclude Include="resource.h" />
    <ClInclude Include="FreeRTOS_FFF_MocksDeclaration.h" />
    <ClInclude Include="ATMEGA_FreeRTOS.h">
      <Filter>FreeRTOS</Filter>
    </ClInclude>
    <ClInclude Include="event_groups.h">
      <Filter>FreeRTOS</Filter>
    </ClInclude>
    <ClInclude Include="message_buffer.h">
      <Filter>FreeRTOS</Filter>
    </ClInclude>
    <ClInclude Include="queue.h">
      <Filter>FreeRTOS</Filter>
    </ClInclude>
    <ClInclude Include="semphr.h">
      <Filter>FreeRTOS</Filter>
    </ClInclude>
    <ClInclude Include="timers.h">
      <Filter>FreeRTOS</Filter>
    </ClInclude>
    <ClInclude Include="task.h">
      <Filter>FreeRTOS</Filter>
    </ClInclude>
    <ClInclude Include="..\fff\fff.h" />
    <ClInclude Include="drivers\rc_servo.h">
      <Filter>drivers</Filter>
    </ClInclude>
  </ItemGroup>
  <ItemGroup>
    <None Include="packages.config" />
    <None Include="Tests.aps" />
  </ItemGroup>
  <ItemGroup>
    <Filter Include="drivers">
      <UniqueIdentifier>{612baedd-9f5f-4afc-92af-a69a5aeb98ad}</UniqueIdentifier>
    </Filter>
    <Filter Include="FreeRTOS">
      <UniqueIdentifier>{6d21950d-605b-4b1e-aa30-965c610e458a}</UniqueIdentifier>
    </Filter>
  </ItemGroup>
  <ItemGroup>
    <ResourceCompile Include="Tests.rc" />
  </ItemGroup>
</Project>