<?xml version="1.0" encoding="utf-8"?>
<Project ToolsVersion="4.0" xmlns="http://schemas.microsoft.com/developer/msbuild/2003">
  <ItemGroup>
    <ClCompile Include="test.cpp" />
    <ClCompile Include="..\..\..\SEP4\Implementation\OpenWindow.c" />
    <ClCompile Include="FreeRTOS\FreeRTOS_FFF_MocksDefinitions.cpp" />
  </ItemGroup>
  <ItemGroup>
    <ClInclude Include="..\fff\fff.h" />
    <ClInclude Include="resource.h" />
    <ClInclude Include="..\..\..\SEP4\drivers\display_7seg.h">
      <Filter>drivers</Filter>
    </ClInclude>
    <ClInclude Include="..\..\..\SEP4\drivers\fifo.h">
      <Filter>drivers</Filter>
    </ClInclude>
    <ClInclude Include="..\..\..\SEP4\drivers\FreeRTOSTraceDriver.h">
      <Filter>drivers</Filter>
    </ClInclude>
    <ClInclude Include="..\..\..\SEP4\drivers\hcSr501.h">
      <Filter>drivers</Filter>
    </ClInclude>
    <ClInclude Include="..\..\..\SEP4\drivers\hih8120.h">
      <Filter>drivers</Filter>
    </ClInclude>
    <ClInclude Include="..\..\..\SEP4\drivers\lora_driver.h">
      <Filter>drivers</Filter>
    </ClInclude>
    <ClInclude Include="..\..\..\SEP4\drivers\lora_driver_utils.h">
      <Filter>drivers</Filter>
    </ClInclude>
    <ClInclude Include="..\..\..\SEP4\drivers\mh_z19.h">
      <Filter>drivers</Filter>
    </ClInclude>
    <ClInclude Include="..\..\..\SEP4\drivers\rc_servo.h">
      <Filter>drivers</Filter>
    </ClInclude>
    <ClInclude Include="..\..\..\SEP4\drivers\sen14262.h">
      <Filter>drivers</Filter>
    </ClInclude>
    <ClInclude Include="..\..\..\SEP4\drivers\serial.h">
      <Filter>drivers</Filter>
    </ClInclude>
    <ClInclude Include="..\..\..\SEP4\drivers\spi_iha.h">
      <Filter>drivers</Filter>
    </ClInclude>
    <ClInclude Include="..\..\..\SEP4\drivers\status_leds.h">
      <Filter>drivers</Filter>
    </ClInclude>
    <ClInclude Include="..\..\..\SEP4\drivers\stdio_driver.h">
      <Filter>drivers</Filter>
    </ClInclude>
    <ClInclude Include="..\..\..\SEP4\drivers\tsl2591.h">
      <Filter>drivers</Filter>
    </ClInclude>
    <ClInclude Include="..\..\..\SEP4\drivers\twi.h">
      <Filter>drivers</Filter>
    </ClInclude>
    <ClInclude Include="..\..\..\SEP4\Interfaces\OpenWindow.h" />
    <ClInclude Include="FreeRTOS\ATMEGA_FreeRTOS.h" />
    <ClInclude Include="FreeRTOS\event_groups.h" />
    <ClInclude Include="FreeRTOS\FreeRTOS_FFF_MocksDeclaration.h" />
    <ClInclude Include="FreeRTOS\message_buffer.h" />
    <ClInclude Include="FreeRTOS\queue.h" />
    <ClInclude Include="FreeRTOS\semphr.h" />
    <ClInclude Include="FreeRTOS\task.h" />
    <ClInclude Include="FreeRTOS\timers.h" />
  </ItemGroup>
  <ItemGroup>
    <None Include="packages.config" />
  </ItemGroup>
  <ItemGroup>
    <Filter Include="drivers">
      <UniqueIdentifier>{612baedd-9f5f-4afc-92af-a69a5aeb98ad}</UniqueIdentifier>
    </Filter>
  </ItemGroup>
  <ItemGroup>
    <ResourceCompile Include="Tests.rc" />
  </ItemGroup>
  <ItemGroup>
    <Library Include="..\..\..\SEP4\drivers\libIotLibrary.a">
      <Filter>drivers</Filter>
    </Library>
  </ItemGroup>
</Project>